{
  "name": "imagesizerename",
  "version": "1.0.0",
  "lockfileVersion": 1,
  "requires": true,
  "dependencies": {
    "image-size": {
      "version": "0.7.1",
      "resolved": "https://registry.npmjs.org/image-size/-/image-size-0.7.1.tgz",
      "integrity": "sha512-Q9hk+wP7+CjudriUaGhP9BizAXBe1O7STPbGU/FesYSjqcupHTX70iAZ2vZoQ4mKWB9qlcEIv6h5sKUrRehlNQ=="
    }
  }
}
